
Microsoft Visual Studio Solution File, Format Version 12.00
# Visual Studio Version 16
VisualStudioVersion = 16.0.31424.327
MinimumVisualStudioVersion = 10.0.40219.1
Project("{9A19103F-16F7-4668-BE54-9A1E7A4F7556}") = "MISA.CukCuk.Api", "MISA.CukCuk.Api\MISA.CukCuk.Api.csproj", "{C1582F60-F9B3-40B5-B7CA-53DCA7C61C33}"
EndProject
Project("{FAE04EC0-301F-11D3-BF4B-00C04F79EFBC}") = "MISA.Core", "MISA.Core\MISA.Core.csproj", "{51546C44-2EAA-4920-99B6-4A0BC6A7162C}"
EndProject
Project("{FAE04EC0-301F-11D3-BF4B-00C04F79EFBC}") = "MISA.Infrastructure", "MISA.Infrastructure\MISA.Infrastructure.csproj", "{86C578E7-61C8-4DD5-8D1D-6238A9340823}"
EndProject
Global
	GlobalSection(SolutionConfigurationPlatforms) = preSolution
		Debug|Any CPU = Debug|Any CPU
		Release|Any CPU = Release|Any CPU
	EndGlobalSection
	GlobalSection(ProjectConfigurationPlatforms) = postSolution
		{C1582F60-F9B3-40B5-B7CA-53DCA7C61C33}.Debug|Any CPU.ActiveCfg = Debug|Any CPU
		{C1582F60-F9B3-40B5-B7CA-53DCA7C61C33}.Debug|Any CPU.Build.0 = Debug|Any CPU
		{C1582F60-F9B3-40B5-B7CA-53DCA7C61C33}.Release|Any CPU.ActiveCfg = Release|Any CPU
		{C1582F60-F9B3-40B5-B7CA-53DCA7C61C33}.Release|Any CPU.Build.0 = Release|Any CPU
		{51546C44-2EAA-4920-99B6-4A0BC6A7162C}.Debug|Any CPU.ActiveCfg = Debug|Any CPU
		{51546C44-2EAA-4920-99B6-4A0BC6A7162C}.Debug|Any CPU.Build.0 = Debug|Any CPU
		{51546C44-2EAA-4920-99B6-4A0BC6A7162C}.Release|Any CPU.ActiveCfg = Release|Any CPU
		{51546C44-2EAA-4920-99B6-4A0BC6A7162C}.Release|Any CPU.Build.0 = Release|Any CPU
		{86C578E7-61C8-4DD5-8D1D-6238A9340823}.Debug|Any CPU.ActiveCfg = Debug|Any CPU
		{86C578E7-61C8-4DD5-8D1D-6238A9340823}.Debug|Any CPU.Build.0 = Debug|Any CPU
		{86C578E7-61C8-4DD5-8D1D-6238A9340823}.Release|Any CPU.ActiveCfg = Release|Any CPU
		{86C578E7-61C8-4DD5-8D1D-6238A9340823}.Release|Any CPU.Build.0 = Release|Any CPU
	EndGlobalSection
	GlobalSection(SolutionProperties) = preSolution
		HideSolutionNode = FALSE
	EndGlobalSection
	GlobalSection(ExtensibilityGlobals) = postSolution
		SolutionGuid = {9BBBB166-FF83-4753-81F9-AE00BEA73AE9}
	EndGlobalSection
EndGlobal
